# This file is automatically @generated by Cargo.
# It is not intended for manual editing.
[[package]]
name = "wagyu-zcash-parameters"
version = "0.2.0"
dependencies = [
 "wagyu-zcash-parameters-1",
 "wagyu-zcash-parameters-2",
 "wagyu-zcash-parameters-3",
 "wagyu-zcash-parameters-4",
 "wagyu-zcash-parameters-5",
 "wagyu-zcash-parameters-6",
]

[[package]]
name = "wagyu-zcash-parameters-1"
version = "0.2.0"

[[package]]
name = "wagyu-zcash-parameters-2"
version = "0.2.0"

[[package]]
name = "wagyu-zcash-parameters-3"
version = "0.2.0"

[[package]]
name = "wagyu-zcash-parameters-4"
version = "0.2.0"

[[package]]
name = "wagyu-zcash-parameters-5"
version = "0.2.0"

[[package]]
name = "wagyu-zcash-parameters-6"
version = "0.2.0"
